// !$*UTF8*$!
{
	archiveVersion = 1;
	classes = {
	};
	objectVersion = 51;
	objects = {

/* Begin PBXBuildFile section */
		146CA83F635DD40EAAAC4720 /* Pods_LottieTest_LottieTestUITests.framework in Frameworks */ = {isa = PBXBuildFile; fileRef = 0A9BF5C7016545CCDDDEBCBE /* Pods_LottieTest_LottieTestUITests.framework */; };
		352B14BD660EDDDCA9B035F6 /* Pods_LottieTestTests.framework in Frameworks */ = {isa = PBXBuildFile; fileRef = EB348D7AF83448034BB78C3E /* Pods_LottieTestTests.framework */; };
		7BCD64792498F0DF00F52ABD /* AppDelegate.swift in Sources */ = {isa = PBXBuildFile; fileRef = 7BCD64782498F0DF00F52ABD /* AppDelegate.swift */; };
		7BCD647B2498F0DF00F52ABD /* SceneDelegate.swift in Sources */ = {isa = PBXBuildFile; fileRef = 7BCD647A2498F0DF00F52ABD /* SceneDelegate.swift */; };
		7BCD647D2498F0DF00F52ABD /* ViewController.swift in Sources */ = {isa = PBXBuildFile; fileRef = 7BCD647C2498F0DF00F52ABD /* ViewController.swift */; };
		7BCD64822498F0E200F52ABD /* Assets.xcassets in Resources */ = {isa = PBXBuildFile; fileRef = 7BCD64812498F0E200F52ABD /* Assets.xcassets */; };
		7BCD64852498F0E200F52ABD /* LaunchScreen.storyboard in Resources */ = {isa = PBXBuildFile; fileRef = 7BCD64832498F0E200F52ABD /* LaunchScreen.storyboard */; };
		7BCD64902498F0E200F52ABD /* LottieTestTests.swift in Sources */ = {isa = PBXBuildFile; fileRef = 7BCD648F2498F0E200F52ABD /* LottieTestTests.swift */; };
		7BCD649B2498F0E200F52ABD /* LottieTestUITests.swift in Sources */ = {isa = PBXBuildFile; fileRef = 7BCD649A2498F0E200F52ABD /* LottieTestUITests.swift */; };
		7BCD64A92498F33C00F52ABD /* buttonOff.json in Resources */ = {isa = PBXBuildFile; fileRef = 7BCD64A82498F33C00F52ABD /* buttonOff.json */; };
		7BCD64AB2498F34B00F52ABD /* buttonOn.json in Resources */ = {isa = PBXBuildFile; fileRef = 7BCD64AA2498F34B00F52ABD /* buttonOn.json */; };
		7BCD64AD2498F7B200F52ABD /* tutorial.json in Resources */ = {isa = PBXBuildFile; fileRef = 7BCD64AC2498F7B200F52ABD /* tutorial.json */; };
		7D53100A29C0FADCF9828ED1 /* Pods_LottieTest.framework in Frameworks */ = {isa = PBXBuildFile; fileRef = CBEBCD8025C2B8943F4E1589 /* Pods_LottieTest.framework */; };
/* End PBXBuildFile section */

/* Begin PBXContainerItemProxy section */
		7BCD648C2498F0E200F52ABD /* PBXContainerItemProxy */ = {
			isa = PBXContainerItemProxy;
			containerPortal = 7BCD646D2498F0DF00F52ABD /* Project object */;
			proxyType = 1;
			remoteGlobalIDString = 7BCD64742498F0DF00F52ABD;
			remoteInfo = LottieTest;
		};
		7BCD64972498F0E200F52ABD /* PBXContainerItemProxy */ = {
			isa = PBXContainerItemProxy;
			containerPortal = 7BCD646D2498F0DF00F52ABD /* Project object */;
			proxyType = 1;
			remoteGlobalIDString = 7BCD64742498F0DF00F52ABD;
			remoteInfo = LottieTest;
		};
/* End PBXContainerItemProxy section */

/* Begin PBXFileReference section */
		0A9BF5C7016545CCDDDEBCBE /* Pods_LottieTest_LottieTestUITests.framework */ = {isa = PBXFileReference; explicitFileType = wrapper.framework; includeInIndex = 0; path = Pods_LottieTest_LottieTestUITests.framework; sourceTree = BUILT_PRODUCTS_DIR; };
		3A17CEB9233DD71DBE1643CB /* Pods-LottieTest.debug.xcconfig */ = {isa = PBXFileReference; includeInIndex = 1; lastKnownFileType = text.xcconfig; name = "Pods-LottieTest.debug.xcconfig"; path = "Target Support Files/Pods-LottieTest/Pods-LottieTest.debug.xcconfig"; sourceTree = "<group>"; };
		5F45F6E3CF04DE8572700E1E /* Pods-LottieTest-LottieTestUITests.debug.xcconfig */ = {isa = PBXFileReference; includeInIndex = 1; lastKnownFileType = text.xcconfig; name = "Pods-LottieTest-LottieTestUITests.debug.xcconfig"; path = "Target Support Files/Pods-LottieTest-LottieTestUITests/Pods-LottieTest-LottieTestUITests.debug.xcconfig"; sourceTree = "<group>"; };
		7BCD64752498F0DF00F52ABD /* LottieTest.app */ = {isa = PBXFileReference; explicitFileType = wrapper.application; includeInIndex = 0; path = LottieTest.app; sourceTree = BUILT_PRODUCTS_DIR; };
		7BCD64782498F0DF00F52ABD /* AppDelegate.swift */ = {isa = PBXFileReference; lastKnownFileType = sourcecode.swift; path = AppDelegate.swift; sourceTree = "<group>"; };
		7BCD647A2498F0DF00F52ABD /* SceneDelegate.swift */ = {isa = PBXFileReference; lastKnownFileType = sourcecode.swift; path = SceneDelegate.swift; sourceTree = "<group>"; };
		7BCD647C2498F0DF00F52ABD /* ViewController.swift */ = {isa = PBXFileReference; lastKnownFileType = sourcecode.swift; path = ViewController.swift; sourceTree = "<group>"; };
		7BCD64812498F0E200F52ABD /* Assets.xcassets */ = {isa = PBXFileReference; lastKnownFileType = folder.assetcatalog; path = Assets.xcassets; sourceTree = "<group>"; };
		7BCD64842498F0E200F52ABD /* Base */ = {isa = PBXFileReference; lastKnownFileType = file.storyboard; name = Base; path = Base.lproj/LaunchScreen.storyboard; sourceTree = "<group>"; };
		7BCD64862498F0E200F52ABD /* Info.plist */ = {isa = PBXFileReference; lastKnownFileType = text.plist.xml; path = Info.plist; sourceTree = "<group>"; };
		7BCD648B2498F0E200F52ABD /* LottieTestTests.xctest */ = {isa = PBXFileReference; explicitFileType = wrapper.cfbundle; includeInIndex = 0; path = LottieTestTests.xctest; sourceTree = BUILT_PRODUCTS_DIR; };
		7BCD648F2498F0E200F52ABD /* LottieTestTests.swift */ = {isa = PBXFileReference; lastKnownFileType = sourcecode.swift; path = LottieTestTests.swift; sourceTree = "<group>"; };
		7BCD64912498F0E200F52ABD /* Info.plist */ = {isa = PBXFileReference; lastKnownFileType = text.plist.xml; path = Info.plist; sourceTree = "<group>"; };
		7BCD64962498F0E200F52ABD /* LottieTestUITests.xctest */ = {isa = PBXFileReference; explicitFileType = wrapper.cfbundle; includeInIndex = 0; path = LottieTestUITests.xctest; sourceTree = BUILT_PRODUCTS_DIR; };
		7BCD649A2498F0E200F52ABD /* LottieTestUITests.swift */ = {isa = PBXFileReference; lastKnownFileType = sourcecode.swift; path = LottieTestUITests.swift; sourceTree = "<group>"; };
		7BCD649C2498F0E200F52ABD /* Info.plist */ = {isa = PBXFileReference; lastKnownFileType = text.plist.xml; path = Info.plist; sourceTree = "<group>"; };
		7BCD64A82498F33C00F52ABD /* buttonOff.json */ = {isa = PBXFileReference; fileEncoding = 4; lastKnownFileType = text.json; path = buttonOff.json; sourceTree = "<group>"; };
		7BCD64AA2498F34B00F52ABD /* buttonOn.json */ = {isa = PBXFileReference; fileEncoding = 4; lastKnownFileType = text.json; path = buttonOn.json; sourceTree = "<group>"; };
		7BCD64AC2498F7B200F52ABD /* tutorial.json */ = {isa = PBXFileReference; fileEncoding = 4; lastKnownFileType = text.json; path = tutorial.json; sourceTree = "<group>"; };
		7F5B7D6B146C151A11D60C70 /* Pods-LottieTestTests.release.xcconfig */ = {isa = PBXFileReference; includeInIndex = 1; lastKnownFileType = text.xcconfig; name = "Pods-LottieTestTests.release.xcconfig"; path = "Target Support Files/Pods-LottieTestTests/Pods-LottieTestTests.release.xcconfig"; sourceTree = "<group>"; };
		A59E47A0671F840A5F54C0C9 /* Pods-LottieTest.release.xcconfig */ = {isa = PBXFileReference; includeInIndex = 1; lastKnownFileType = text.xcconfig; name = "Pods-LottieTest.release.xcconfig"; path = "Target Support Files/Pods-LottieTest/Pods-LottieTest.release.xcconfig"; sourceTree = "<group>"; };
		AF167FEE48F6C9600B5F998E /* Pods-LottieTest-LottieTestUITests.release.xcconfig */ = {isa = PBXFileReference; includeInIndex = 1; lastKnownFileType = text.xcconfig; name = "Pods-LottieTest-LottieTestUITests.release.xcconfig"; path = "Target Support Files/Pods-LottieTest-LottieTestUITests/Pods-LottieTest-LottieTestUITests.release.xcconfig"; sourceTree = "<group>"; };
		CBEBCD8025C2B8943F4E1589 /* Pods_LottieTest.framework */ = {isa = PBXFileReference; explicitFileType = wrapper.framework; includeInIndex = 0; path = Pods_LottieTest.framework; sourceTree = BUILT_PRODUCTS_DIR; };
		E5964ED959E9C2103CFE504B /* Pods-LottieTestTests.debug.xcconfig */ = {isa = PBXFileReference; includeInIndex = 1; lastKnownFileType = text.xcconfig; name = "Pods-LottieTestTests.debug.xcconfig"; path = "Target Support Files/Pods-LottieTestTests/Pods-LottieTestTests.debug.xcconfig"; sourceTree = "<group>"; };
		EB348D7AF83448034BB78C3E /* Pods_LottieTestTests.framework */ = {isa = PBXFileReference; explicitFileType = wrapper.framework; includeInIndex = 0; path = Pods_LottieTestTests.framework; sourceTree = BUILT_PRODUCTS_DIR; };
/* End PBXFileReference section */

/* Begin PBXFrameworksBuildPhase section */
		7BCD64722498F0DF00F52ABD /* Frameworks */ = {
			isa = PBXFrameworksBuildPhase;
			buildActionMask = 2147483647;
			files = (
				7D53100A29C0FADCF9828ED1 /* Pods_LottieTest.framework in Frameworks */,
			);
			runOnlyForDeploymentPostprocessing = 0;
		};
		7BCD64882498F0E200F52ABD /* Frameworks */ = {
			isa = PBXFrameworksBuildPhase;
			buildActionMask = 2147483647;
			files = (
				352B14BD660EDDDCA9B035F6 /* Pods_LottieTestTests.framework in Frameworks */,
			);
			runOnlyForDeploymentPostprocessing = 0;
		};
		7BCD64932498F0E200F52ABD /* Frameworks */ = {
			isa = PBXFrameworksBuildPhase;
			buildActionMask = 2147483647;
			files = (
				146CA83F635DD40EAAAC4720 /* Pods_LottieTest_LottieTestUITests.framework in Frameworks */,
			);
			runOnlyForDeploymentPostprocessing = 0;
		};
/* End PBXFrameworksBuildPhase section */

/* Begin PBXGroup section */
		213A14E9CD965D4F1EE833B7 /* Pods */ = {
			isa = PBXGroup;
			children = (
				3A17CEB9233DD71DBE1643CB /* Pods-LottieTest.debug.xcconfig */,
				A59E47A0671F840A5F54C0C9 /* Pods-LottieTest.release.xcconfig */,
				5F45F6E3CF04DE8572700E1E /* Pods-LottieTest-LottieTestUITests.debug.xcconfig */,
				AF167FEE48F6C9600B5F998E /* Pods-LottieTest-LottieTestUITests.release.xcconfig */,
				E5964ED959E9C2103CFE504B /* Pods-LottieTestTests.debug.xcconfig */,
				7F5B7D6B146C151A11D60C70 /* Pods-LottieTestTests.release.xcconfig */,
			);
			path = Pods;
			sourceTree = "<group>";
		};
		5892EA35DD3E0771B13D17A4 /* Frameworks */ = {
			isa = PBXGroup;
			children = (
				CBEBCD8025C2B8943F4E1589 /* Pods_LottieTest.framework */,
				0A9BF5C7016545CCDDDEBCBE /* Pods_LottieTest_LottieTestUITests.framework */,
				EB348D7AF83448034BB78C3E /* Pods_LottieTestTests.framework */,
			);
			name = Frameworks;
			sourceTree = "<group>";
		};
		7BCD646C2498F0DF00F52ABD = {
			isa = PBXGroup;
			children = (
				7BCD64772498F0DF00F52ABD /* LottieTest */,
				7BCD648E2498F0E200F52ABD /* LottieTestTests */,
				7BCD64992498F0E200F52ABD /* LottieTestUITests */,
				7BCD64762498F0DF00F52ABD /* Products */,
				213A14E9CD965D4F1EE833B7 /* Pods */,
				5892EA35DD3E0771B13D17A4 /* Frameworks */,
			);
			sourceTree = "<group>";
		};
		7BCD64762498F0DF00F52ABD /* Products */ = {
			isa = PBXGroup;
			children = (
				7BCD64752498F0DF00F52ABD /* LottieTest.app */,
				7BCD648B2498F0E200F52ABD /* LottieTestTests.xctest */,
				7BCD64962498F0E200F52ABD /* LottieTestUITests.xctest */,
			);
			name = Products;
			sourceTree = "<group>";
		};
		7BCD64772498F0DF00F52ABD /* LottieTest */ = {
			isa = PBXGroup;
			children = (
				7BCD64782498F0DF00F52ABD /* AppDelegate.swift */,
				7BCD647A2498F0DF00F52ABD /* SceneDelegate.swift */,
				7BCD647C2498F0DF00F52ABD /* ViewController.swift */,
				7BCD64812498F0E200F52ABD /* Assets.xcassets */,
				7BCD64832498F0E200F52ABD /* LaunchScreen.storyboard */,
				7BCD64AC2498F7B200F52ABD /* tutorial.json */,
				7BCD64AA2498F34B00F52ABD /* buttonOn.json */,
				7BCD64A82498F33C00F52ABD /* buttonOff.json */,
				7BCD64862498F0E200F52ABD /* Info.plist */,
			);
			path = LottieTest;
			sourceTree = "<group>";
		};
		7BCD648E2498F0E200F52ABD /* LottieTestTests */ = {
			isa = PBXGroup;
			children = (
				7BCD648F2498F0E200F52ABD /* LottieTestTests.swift */,
				7BCD64912498F0E200F52ABD /* Info.plist */,
			);
			path = LottieTestTests;
			sourceTree = "<group>";
		};
		7BCD64992498F0E200F52ABD /* LottieTestUITests */ = {
			isa = PBXGroup;
			children = (
				7BCD649A2498F0E200F52ABD /* LottieTestUITests.swift */,
				7BCD649C2498F0E200F52ABD /* Info.plist */,
			);
			path = LottieTestUITests;
			sourceTree = "<group>";
		};
/* End PBXGroup section */

/* Begin PBXNativeTarget section */
		7BCD64742498F0DF00F52ABD /* LottieTest */ = {
			isa = PBXNativeTarget;
			buildConfigurationList = 7BCD649F2498F0E200F52ABD /* Build configuration list for PBXNativeTarget "LottieTest" */;
			buildPhases = (
				20624F3ED05433A6FA1B795E /* [CP] Check Pods Manifest.lock */,
				7BCD64712498F0DF00F52ABD /* Sources */,
				7BCD64722498F0DF00F52ABD /* Frameworks */,
				7BCD64732498F0DF00F52ABD /* Resources */,
				D23EB22DD8E9EC4F9093A293 /* [CP] Embed Pods Frameworks */,
			);
			buildRules = (
			);
			dependencies = (
			);
			name = LottieTest;
			productName = LottieTest;
			productReference = 7BCD64752498F0DF00F52ABD /* LottieTest.app */;
			productType = "com.apple.product-type.application";
		};
		7BCD648A2498F0E200F52ABD /* LottieTestTests */ = {
			isa = PBXNativeTarget;
			buildConfigurationList = 7BCD64A22498F0E200F52ABD /* Build configuration list for PBXNativeTarget "LottieTestTests" */;
			buildPhases = (
				24E755770A1B5C58F2D488D3 /* [CP] Check Pods Manifest.lock */,
				7BCD64872498F0E200F52ABD /* Sources */,
				7BCD64882498F0E200F52ABD /* Frameworks */,
				7BCD64892498F0E200F52ABD /* Resources */,
			);
			buildRules = (
			);
			dependencies = (
				7BCD648D2498F0E200F52ABD /* PBXTargetDependency */,
			);
			name = LottieTestTests;
			productName = LottieTestTests;
			productReference = 7BCD648B2498F0E200F52ABD /* LottieTestTests.xctest */;
			productType = "com.apple.product-type.bundle.unit-test";
		};
		7BCD64952498F0E200F52ABD /* LottieTestUITests */ = {
			isa = PBXNativeTarget;
			buildConfigurationList = 7BCD64A52498F0E200F52ABD /* Build configuration list for PBXNativeTarget "LottieTestUITests" */;
			buildPhases = (
				3B5EE9D461C09074F6D4E1A4 /* [CP] Check Pods Manifest.lock */,
				7BCD64922498F0E200F52ABD /* Sources */,
				7BCD64932498F0E200F52ABD /* Frameworks */,
				7BCD64942498F0E200F52ABD /* Resources */,
				C6B75959355749110FBD4D7C /* [CP] Embed Pods Frameworks */,
			);
			buildRules = (
			);
			dependencies = (
				7BCD64982498F0E200F52ABD /* PBXTargetDependency */,
			);
			name = LottieTestUITests;
			productName = LottieTestUITests;
			productReference = 7BCD64962498F0E200F52ABD /* LottieTestUITests.xctest */;
			productType = "com.apple.product-type.bundle.ui-testing";
		};
/* End PBXNativeTarget section */

/* Begin PBXProject section */
		7BCD646D2498F0DF00F52ABD /* Project object */ = {
			isa = PBXProject;
			attributes = {
				LastSwiftUpdateCheck = 1150;
				LastUpgradeCheck = 1150;
				ORGANIZATIONNAME = "Daniel Hjärtström";
				TargetAttributes = {
					7BCD64742498F0DF00F52ABD = {
						CreatedOnToolsVersion = 11.5;
					};
					7BCD648A2498F0E200F52ABD = {
						CreatedOnToolsVersion = 11.5;
						TestTargetID = 7BCD64742498F0DF00F52ABD;
					};
					7BCD64952498F0E200F52ABD = {
						CreatedOnToolsVersion = 11.5;
						TestTargetID = 7BCD64742498F0DF00F52ABD;
					};
				};
			};
			buildConfigurationList = 7BCD64702498F0DF00F52ABD /* Build configuration list for PBXProject "LottieTest" */;
			compatibilityVersion = "Xcode 9.3";
			developmentRegion = en;
			hasScannedForEncodings = 0;
			knownRegions = (
				en,
				Base,
			);
			mainGroup = 7BCD646C2498F0DF00F52ABD;
			productRefGroup = 7BCD64762498F0DF00F52ABD /* Products */;
			projectDirPath = "";
			projectRoot = "";
			targets = (
				7BCD64742498F0DF00F52ABD /* LottieTest */,
				7BCD648A2498F0E200F52ABD /* LottieTestTests */,
				7BCD64952498F0E200F52ABD /* LottieTestUITests */,
			);
		};
/* End PBXProject section */

/* Begin PBXResourcesBuildPhase section */
		7BCD64732498F0DF00F52ABD /* Resources */ = {
			isa = PBXResourcesBuildPhase;
			buildActionMask = 2147483647;
			files = (
				7BCD64AD2498F7B200F52ABD /* tutorial.json in Resources */,
				7BCD64A92498F33C00F52ABD /* buttonOff.json in Resources */,
				7BCD64852498F0E200F52ABD /* LaunchScreen.storyboard in Resources */,
				7BCD64AB2498F34B00F52ABD /* buttonOn.json in Resources */,
				7BCD64822498F0E200F52ABD /* Assets.xcassets in Resources */,
			);
			runOnlyForDeploymentPostprocessing = 0;
		};
		7BCD64892498F0E200F52ABD /* Resources */ = {
			isa = PBXResourcesBuildPhase;
			buildActionMask = 2147483647;
			files = (
			);
			runOnlyForDeploymentPostprocessing = 0;
		};
		7BCD64942498F0E200F52ABD /* Resources */ = {
			isa = PBXResourcesBuildPhase;
			buildActionMask = 2147483647;
			files = (
			);
			runOnlyForDeploymentPostprocessing = 0;
		};
/* End PBXResourcesBuildPhase section */

/* Begin PBXShellScriptBuildPhase section */
		20624F3ED05433A6FA1B795E /* [CP] Check Pods Manifest.lock */ = {
			isa = PBXShellScriptBuildPhase;
			buildActionMask = 2147483647;
			files = (
			);
			inputFileListPaths = (
			);
			inputPaths = (
				"${PODS_PODFILE_DIR_PATH}/Podfile.lock",
				"${PODS_ROOT}/Manifest.lock",
			);
			name = "[CP] Check Pods Manifest.lock";
			outputFileListPaths = (
			);
			outputPaths = (
				"$(DERIVED_FILE_DIR)/Pods-LottieTest-checkManifestLockResult.txt",
			);
			runOnlyForDeploymentPostprocessing = 0;
			shellPath = /bin/sh;
			shellScript = "diff \"${PODS_PODFILE_DIR_PATH}/Podfile.lock\" \"${PODS_ROOT}/Manifest.lock\" > /dev/null\nif [ $? != 0 ] ; then\n    # print error to STDERR\n    echo \"error: The sandbox is not in sync with the Podfile.lock. Run 'pod install' or update your CocoaPods installation.\" >&2\n    exit 1\nfi\n# This output is used by Xcode 'outputs' to avoid re-running this script phase.\necho \"SUCCESS\" > \"${SCRIPT_OUTPUT_FILE_0}\"\n";
			showEnvVarsInLog = 0;
		};
		24E755770A1B5C58F2D488D3 /* [CP] Check Pods Manifest.lock */ = {
			isa = PBXShellScriptBuildPhase;
			buildActionMask = 2147483647;
			files = (
			);
			inputFileListPaths = (
			);
			inputPaths = (
				"${PODS_PODFILE_DIR_PATH}/Podfile.lock",
				"${PODS_ROOT}/Manifest.lock",
			);
			name = "[CP] Check Pods Manifest.lock";
			outputFileListPaths = (
			);
			outputPaths = (
				"$(DERIVED_FILE_DIR)/Pods-LottieTestTests-checkManifestLockResult.txt",
			);
			runOnlyForDeploymentPostprocessing = 0;
			shellPath = /bin/sh;
			shellScript = "diff \"${PODS_PODFILE_DIR_PATH}/Podfile.lock\" \"${PODS_ROOT}/Manifest.lock\" > /dev/null\nif [ $? != 0 ] ; then\n    # print error to STDERR\n    echo \"error: The sandbox is not in sync with the Podfile.lock. Run 'pod install' or update your CocoaPods installation.\" >&2\n    exit 1\nfi\n# This output is used by Xcode 'outputs' to avoid re-running this script phase.\necho \"SUCCESS\" > \"${SCRIPT_OUTPUT_FILE_0}\"\n";
			showEnvVarsInLog = 0;
		};
		3B5EE9D461C09074F6D4E1A4 /* [CP] Check Pods Manifest.lock */ = {
			isa = PBXShellScriptBuildPhase;
			buildActionMask = 2147483647;
			files = (
			);
			inputFileListPaths = (
			);
			inputPaths = (
				"${PODS_PODFILE_DIR_PATH}/Podfile.lock",
				"${PODS_ROOT}/Manifest.lock",
			);
			name = "[CP] Check Pods Manifest.lock";
			outputFileListPaths = (
			);
			outputPaths = (
				"$(DERIVED_FILE_DIR)/Pods-LottieTest-LottieTestUITests-checkManifestLockResult.txt",
			);
			runOnlyForDeploymentPostprocessing = 0;
			shellPath = /bin/sh;
			shellScript = "diff \"${PODS_PODFILE_DIR_PATH}/Podfile.lock\" \"${PODS_ROOT}/Manifest.lock\" > /dev/null\nif [ $? != 0 ] ; then\n    # print error to STDERR\n    echo \"error: The sandbox is not in sync with the Podfile.lock. Run 'pod install' or update your CocoaPods installation.\" >&2\n    exit 1\nfi\n# This output is used by Xcode 'outputs' to avoid re-running this script phase.\necho \"SUCCESS\" > \"${SCRIPT_OUTPUT_FILE_0}\"\n";
			showEnvVarsInLog = 0;
		};
		C6B75959355749110FBD4D7C /* [CP] Embed Pods Frameworks */ = {
			isa = PBXShellScriptBuildPhase;
			buildActionMask = 2147483647;
			files = (
			);
			inputFileListPaths = (
				"${PODS_ROOT}/Target Support Files/Pods-LottieTest-LottieTestUITests/Pods-LottieTest-LottieTestUITests-frameworks-${CONFIGURATION}-input-files.xcfilelist",
			);
			name = "[CP] Embed Pods Frameworks";
			outputFileListPaths = (
				"${PODS_ROOT}/Target Support Files/Pods-LottieTest-LottieTestUITests/Pods-LottieTest-LottieTestUITests-frameworks-${CONFIGURATION}-output-files.xcfilelist",
			);
			runOnlyForDeploymentPostprocessing = 0;
			shellPath = /bin/sh;
			shellScript = "\"${PODS_ROOT}/Target Support Files/Pods-LottieTest-LottieTestUITests/Pods-LottieTest-LottieTestUITests-frameworks.sh\"\n";
			showEnvVarsInLog = 0;
		};
		D23EB22DD8E9EC4F9093A293 /* [CP] Embed Pods Frameworks */ = {
			isa = PBXShellScriptBuildPhase;
			buildActionMask = 2147483647;
			files = (
			);
			inputFileListPaths = (
				"${PODS_ROOT}/Target Support Files/Pods-LottieTest/Pods-LottieTest-frameworks-${CONFIGURATION}-input-files.xcfilelist",
			);
			name = "[CP] Embed Pods Frameworks";
			outputFileListPaths = (
				"${PODS_ROOT}/Target Support Files/Pods-LottieTest/Pods-LottieTest-frameworks-${CONFIGURATION}-output-files.xcfilelist",
			);
			runOnlyForDeploymentPostprocessing = 0;
			shellPath = /bin/sh;
			shellScript = "\"${PODS_ROOT}/Target Support Files/Pods-LottieTest/Pods-LottieTest-frameworks.sh\"\n";
			showEnvVarsInLog = 0;
		};
/* End PBXShellScriptBuildPhase section */

/* Begin PBXSourcesBuildPhase section */
		7BCD64712498F0DF00F52ABD /* Sources */ = {
			isa = PBXSourcesBuildPhase;
			buildActionMask = 2147483647;
			files = (
				7BCD647D2498F0DF00F52ABD /* ViewController.swift in Sources */,
				7BCD64792498F0DF00F52ABD /* AppDelegate.swift in Sources */,
				7BCD647B2498F0DF00F52ABD /* SceneDelegate.swift in Sources */,
			);
			runOnlyForDeploymentPostprocessing = 0;
		};
		7BCD64872498F0E200F52ABD /* Sources */ = {
			isa = PBXSourcesBuildPhase;
			buildActionMask = 2147483647;
			files = (
				7BCD64902498F0E200F52ABD /* LottieTestTests.swift in Sources */,
			);
			runOnlyForDeploymentPostprocessing = 0;
		};
		7BCD64922498F0E200F52ABD /* Sources */ = {
			isa = PBXSourcesBuildPhase;
			buildActionMask = 2147483647;
			files = (
				7BCD649B2498F0E200F52ABD /* LottieTestUITests.swift in Sources */,
			);
			runOnlyForDeploymentPostprocessing = 0;
		};
/* End PBXSourcesBuildPhase section */

/* Begin PBXTargetDependency section */
		7BCD648D2498F0E200F52ABD /* PBXTargetDependency */ = {
			isa = PBXTargetDependency;
			target = 7BCD64742498F0DF00F52ABD /* LottieTest */;
			targetProxy = 7BCD648C2498F0E200F52ABD /* PBXContainerItemProxy */;
		};
		7BCD64982498F0E200F52ABD /* PBXTargetDependency */ = {
			isa = PBXTargetDependency;
			target = 7BCD64742498F0DF00F52ABD /* LottieTest */;
			targetProxy = 7BCD64972498F0E200F52ABD /* PBXContainerItemProxy */;
		};
/* End PBXTargetDependency section */

/* Begin PBXVariantGroup section */
		7BCD64832498F0E200F52ABD /* LaunchScreen.storyboard */ = {
			isa = PBXVariantGroup;
			children = (
				7BCD64842498F0E200F52ABD /* Base */,
			);
			name = LaunchScreen.storyboard;
			sourceTree = "<group>";
		};
/* End PBXVariantGroup section */

/* Begin XCBuildConfiguration section */
		7BCD649D2498F0E200F52ABD /* Debug */ = {
			isa = XCBuildConfiguration;
			buildSettings = {
				ALWAYS_SEARCH_USER_PATHS = NO;
				CLANG_ANALYZER_NONNULL = YES;
				CLANG_ANALYZER_NUMBER_OBJECT_CONVERSION = YES_AGGRESSIVE;
				CLANG_CXX_LANGUAGE_STANDARD = "gnu++14";
				CLANG_CXX_LIBRARY = "libc++";
				CLANG_ENABLE_MODULES = YES;
				CLANG_ENABLE_OBJC_ARC = YES;
				CLANG_ENABLE_OBJC_WEAK = YES;
				CLANG_WARN_BLOCK_CAPTURE_AUTORELEASING = YES;
				CLANG_WARN_BOOL_CONVERSION = YES;
				CLANG_WARN_COMMA = YES;
				CLANG_WARN_CONSTANT_CONVERSION = YES;
				CLANG_WARN_DEPRECATED_OBJC_IMPLEMENTATIONS = YES;
				CLANG_WARN_DIRECT_OBJC_ISA_USAGE = YES_ERROR;
				CLANG_WARN_DOCUMENTATION_COMMENTS = YES;
				CLANG_WARN_EMPTY_BODY = YES;
				CLANG_WARN_ENUM_CONVERSION = YES;
				CLANG_WARN_INFINITE_RECURSION = YES;
				CLANG_WARN_INT_CONVERSION = YES;
				CLANG_WARN_NON_LITERAL_NULL_CONVERSION = YES;
				CLANG_WARN_OBJC_IMPLICIT_RETAIN_SELF = YES;
				CLANG_WARN_OBJC_LITERAL_CONVERSION = YES;
				CLANG_WARN_OBJC_ROOT_CLASS = YES_ERROR;
				CLANG_WARN_RANGE_LOOP_ANALYSIS = YES;
				CLANG_WARN_STRICT_PROTOTYPES = YES;
				CLANG_WARN_SUSPICIOUS_MOVE = YES;
				CLANG_WARN_UNGUARDED_AVAILABILITY = YES_AGGRESSIVE;
				CLANG_WARN_UNREACHABLE_CODE = YES;
				CLANG_WARN__DUPLICATE_METHOD_MATCH = YES;
				COPY_PHASE_STRIP = NO;
				DEBUG_INFORMATION_FORMAT = dwarf;
				ENABLE_STRICT_OBJC_MSGSEND = YES;
				ENABLE_TESTABILITY = YES;
				GCC_C_LANGUAGE_STANDARD = gnu11;
				GCC_DYNAMIC_NO_PIC = NO;
				GCC_NO_COMMON_BLOCKS = YES;
				GCC_OPTIMIZATION_LEVEL = 0;
				GCC_PREPROCESSOR_DEFINITIONS = (
					"DEBUG=1",
					"$(inherited)",
				);
				GCC_WARN_64_TO_32_BIT_CONVERSION = YES;
				GCC_WARN_ABOUT_RETURN_TYPE = YES_ERROR;
				GCC_WARN_UNDECLARED_SELECTOR = YES;
				GCC_WARN_UNINITIALIZED_AUTOS = YES_AGGRESSIVE;
				GCC_WARN_UNUSED_FUNCTION = YES;
				GCC_WARN_UNUSED_VARIABLE = YES;
				IPHONEOS_DEPLOYMENT_TARGET = 13.5;
				MTL_ENABLE_DEBUG_INFO = INCLUDE_SOURCE;
				MTL_FAST_MATH = YES;
				ONLY_ACTIVE_ARCH = YES;
				SDKROOT = iphoneos;
				SWIFT_ACTIVE_COMPILATION_CONDITIONS = DEBUG;
				SWIFT_OPTIMIZATION_LEVEL = "-Onone";
			};
			name = Debug;
		};
		7BCD649E2498F0E200F52ABD /* Release */ = {
			isa = XCBuildConfiguration;
			buildSettings = {
				ALWAYS_SEARCH_USER_PATHS = NO;
				CLANG_ANALYZER_NONNULL = YES;
				CLANG_ANALYZER_NUMBER_OBJECT_CONVERSION = YES_AGGRESSIVE;
				CLANG_CXX_LANGUAGE_STANDARD = "gnu++14";
				CLANG_CXX_LIBRARY = "libc++";
				CLANG_ENABLE_MODULES = YES;
				CLANG_ENABLE_OBJC_ARC = YES;
				CLANG_ENABLE_OBJC_WEAK = YES;
				CLANG_WARN_BLOCK_CAPTURE_AUTORELEASING = YES;
				CLANG_WARN_BOOL_CONVERSION = YES;
				CLANG_WARN_COMMA = YES;
				CLANG_WARN_CONSTANT_CONVERSION = YES;
				CLANG_WARN_DEPRECATED_OBJC_IMPLEMENTATIONS = YES;
				CLANG_WARN_DIRECT_OBJC_ISA_USAGE = YES_ERROR;
				CLANG_WARN_DOCUMENTATION_COMMENTS = YES;
				CLANG_WARN_EMPTY_BODY = YES;
				CLANG_WARN_ENUM_CONVERSION = YES;
				CLANG_WARN_INFINITE_RECURSION = YES;
				CLANG_WARN_INT_CONVERSION = YES;
				CLANG_WARN_NON_LITERAL_NULL_CONVERSION = YES;
				CLANG_WARN_OBJC_IMPLICIT_RETAIN_SELF = YES;
				CLANG_WARN_OBJC_LITERAL_CONVERSION = YES;
				CLANG_WARN_OBJC_ROOT_CLASS = YES_ERROR;
				CLANG_WARN_RANGE_LOOP_ANALYSIS = YES;
				CLANG_WARN_STRICT_PROTOTYPES = YES;
				CLANG_WARN_SUSPICIOUS_MOVE = YES;
				CLANG_WARN_UNGUARDED_AVAILABILITY = YES_AGGRESSIVE;
				CLANG_WARN_UNREACHABLE_CODE = YES;
				CLANG_WARN__DUPLICATE_METHOD_MATCH = YES;
				COPY_PHASE_STRIP = NO;
				DEBUG_INFORMATION_FORMAT = "dwarf-with-dsym";
				ENABLE_NS_ASSERTIONS = NO;
				ENABLE_STRICT_OBJC_MSGSEND = YES;
				GCC_C_LANGUAGE_STANDARD = gnu11;
				GCC_NO_COMMON_BLOCKS = YES;
				GCC_WARN_64_TO_32_BIT_CONVERSION = YES;
				GCC_WARN_ABOUT_RETURN_TYPE = YES_ERROR;
				GCC_WARN_UNDECLARED_SELECTOR = YES;
				GCC_WARN_UNINITIALIZED_AUTOS = YES_AGGRESSIVE;
				GCC_WARN_UNUSED_FUNCTION = YES;
				GCC_WARN_UNUSED_VARIABLE = YES;
				IPHONEOS_DEPLOYMENT_TARGET = 13.5;
				MTL_ENABLE_DEBUG_INFO = NO;
				MTL_FAST_MATH = YES;
				SDKROOT = iphoneos;
				SWIFT_COMPILATION_MODE = wholemodule;
				SWIFT_OPTIMIZATION_LEVEL = "-O";
				VALIDATE_PRODUCT = YES;
			};
			name = Release;
		};
		7BCD64A02498F0E200F52ABD /* Debug */ = {
			isa = XCBuildConfiguration;
			baseConfigurationReference = 3A17CEB9233DD71DBE1643CB /* Pods-LottieTest.debug.xcconfig */;
			buildSettings = {
				ASSETCATALOG_COMPILER_APPICON_NAME = AppIcon;
				CODE_SIGN_STYLE = Automatic;
				DEVELOPMENT_TEAM = 6ZL797GF7H;
				INFOPLIST_FILE = LottieTest/Info.plist;
				LD_RUNPATH_SEARCH_PATHS = (
					"$(inherited)",
					"@executable_path/Frameworks",
				);
				PRODUCT_BUNDLE_IDENTIFIER = com.daniel.hjartstrom.LottieTest;
				PRODUCT_NAME = "$(TARGET_NAME)";
				SWIFT_VERSION = 5.0;
				TARGETED_DEVICE_FAMILY = "1,2";
			};
			name = Debug;
		};
		7BCD64A12498F0E200F52ABD /* Release */ = {
			isa = XCBuildConfiguration;
			baseConfigurationReference = A59E47A0671F840A5F54C0C9 /* Pods-LottieTest.release.xcconfig */;
			buildSettings = {
				ASSETCATALOG_COMPILER_APPICON_NAME = AppIcon;
				CODE_SIGN_STYLE = Automatic;
				DEVELOPMENT_TEAM = 6ZL797GF7H;
				INFOPLIST_FILE = LottieTest/Info.plist;
				LD_RUNPATH_SEARCH_PATHS = (
					"$(inherited)",
					"@executable_path/Frameworks",
				);
				PRODUCT_BUNDLE_IDENTIFIER = com.daniel.hjartstrom.LottieTest;
				PRODUCT_NAME = "$(TARGET_NAME)";
				SWIFT_VERSION = 5.0;
				TARGETED_DEVICE_FAMILY = "1,2";
			};
			name = Release;
		};
		7BCD64A32498F0E200F52ABD /* Debug */ = {
			isa = XCBuildConfiguration;
			baseConfigurationReference = E5964ED959E9C2103CFE504B /* Pods-LottieTestTests.debug.xcconfig */;
			buildSettings = {
				ALWAYS_EMBED_SWIFT_STANDARD_LIBRARIES = YES;
				BUNDLE_LOADER = "$(TEST_HOST)";
				CODE_SIGN_STYLE = Automatic;
				DEVELOPMENT_TEAM = 6ZL797GF7H;
				INFOPLIST_FILE = LottieTestTests/Info.plist;
				IPHONEOS_DEPLOYMENT_TARGET = 13.5;
				LD_RUNPATH_SEARCH_PATHS = (
					"$(inherited)",
					"@executable_path/Frameworks",
					"@loader_path/Frameworks",
				);
				PRODUCT_BUNDLE_IDENTIFIER = com.daniel.hjartstrom.LottieTestTests;
				PRODUCT_NAME = "$(TARGET_NAME)";
				SWIFT_VERSION = 5.0;
				TARGETED_DEVICE_FAMILY = "1,2";
				TEST_HOST = "$(BUILT_PRODUCTS_DIR)/LottieTest.app/LottieTest";
			};
			name = Debug;
		};
		7BCD64A42498F0E200F52ABD /* Release */ = {
			isa = XCBuildConfiguration;
			baseConfigurationReference = 7F5B7D6B146C151A11D60C70 /* Pods-LottieTestTests.release.xcconfig */;
			buildSettings = {
				ALWAYS_EMBED_SWIFT_STANDARD_LIBRARIES = YES;
				BUNDLE_LOADER = "$(TEST_HOST)";
				CODE_SIGN_STYLE = Automatic;
				DEVELOPMENT_TEAM = 6ZL797GF7H;
				INFOPLIST_FILE = LottieTestTests/Info.plist;
				IPHONEOS_DEPLOYMENT_TARGET = 13.5;
				LD_RUNPATH_SEARCH_PATHS = (
					"$(inherited)",
					"@executable_path/Frameworks",
					"@loader_path/Frameworks",
				);
				PRODUCT_BUNDLE_IDENTIFIER = com.daniel.hjartstrom.LottieTestTests;
				PRODUCT_NAME = "$(TARGET_NAME)";
				SWIFT_VERSION = 5.0;
				TARGETED_DEVICE_FAMILY = "1,2";
				TEST_HOST = "$(BUILT_PRODUCTS_DIR)/LottieTest.app/LottieTest";
			};
			name = Release;
		};
		7BCD64A62498F0E200F52ABD /* Debug */ = {
			isa = XCBuildConfiguration;
			baseConfigurationReference = 5F45F6E3CF04DE8572700E1E /* Pods-LottieTest-LottieTestUITests.debug.xcconfig */;
			buildSettings = {
				ALWAYS_EMBED_SWIFT_STANDARD_LIBRARIES = YES;
				CODE_SIGN_STYLE = Automatic;
				DEVELOPMENT_TEAM = 6ZL797GF7H;
				INFOPLIST_FILE = LottieTestUITests/Info.plist;
				LD_RUNPATH_SEARCH_PATHS = (
					"$(inherited)",
					"@executable_path/Frameworks",
					"@loader_path/Frameworks",
				);
				PRODUCT_BUNDLE_IDENTIFIER = com.daniel.hjartstrom.LottieTestUITests;
				PRODUCT_NAME = "$(TARGET_NAME)";
				SWIFT_VERSION = 5.0;
				TARGETED_DEVICE_FAMILY = "1,2";
				TEST_TARGET_NAME = LottieTest;
			};
			name = Debug;
		};
		7BCD64A72498F0E200F52ABD /* Release */ = {
			isa = XCBuildConfiguration;
			baseConfigurationReference = AF167FEE48F6C9600B5F998E /* Pods-LottieTest-LottieTestUITests.release.xcconfig */;
			buildSettings = {
				ALWAYS_EMBED_SWIFT_STANDARD_LIBRARIES = YES;
				CODE_SIGN_STYLE = Automatic;
				DEVELOPMENT_TEAM = 6ZL797GF7H;
				INFOPLIST_FILE = LottieTestUITests/Info.plist;
				LD_RUNPATH_SEARCH_PATHS = (
					"$(inherited)",
					"@executable_path/Frameworks",
					"@loader_path/Frameworks",
				);
				PRODUCT_BUNDLE_IDENTIFIER = com.daniel.hjartstrom.LottieTestUITests;
				PRODUCT_NAME = "$(TARGET_NAME)";
				SWIFT_VERSION = 5.0;
				TARGETED_DEVICE_FAMILY = "1,2";
				TEST_TARGET_NAME = LottieTest;
			};
			name = Release;
		};
/* End XCBuildConfiguration section */

/* Begin XCConfigurationList section */
		7BCD64702498F0DF00F52ABD /* Build configuration list for PBXProject "LottieTest" */ = {
			isa = XCConfigurationList;
			buildConfigurations = (
				7BCD649D2498F0E200F52ABD /* Debug */,
				7BCD649E2498F0E200F52ABD /* Release */,
			);
			defaultConfigurationIsVisible = 0;
			defaultConfigurationName = Release;
		};
		7BCD649F2498F0E200F52ABD /* Build configuration list for PBXNativeTarget "LottieTest" */ = {
			isa = XCConfigurationList;
			buildConfigurations = (
				7BCD64A02498F0E200F52ABD /* Debug */,
				7BCD64A12498F0E200F52ABD /* Release */,
			);
			defaultConfigurationIsVisible = 0;
			defaultConfigurationName = Release;
		};
		7BCD64A22498F0E200F52ABD /* Build configuration list for PBXNativeTarget "LottieTestTests" */ = {
			isa = XCConfigurationList;
			buildConfigurations = (
				7BCD64A32498F0E200F52ABD /* Debug */,
				7BCD64A42498F0E200F52ABD /* Release */,
			);
			defaultConfigurationIsVisible = 0;
			defaultConfigurationName = Release;
		};
		7BCD64A52498F0E200F52ABD /* Build configuration list for PBXNativeTarget "LottieTestUITests" */ = {
			isa = XCConfigurationList;
			buildConfigurations = (
				7BCD64A62498F0E200F52ABD /* Debug */,
				7BCD64A72498F0E200F52ABD /* Release */,
			);
			defaultConfigurationIsVisible = 0;
			defaultConfigurationName = Release;
		};
/* End XCConfigurationList section */
	};
	rootObject = 7BCD646D2498F0DF00F52ABD /* Project object */;
}
